
Microsoft Visual Studio Solution File, Format Version 12.00
# Visual Studio Version 17
VisualStudioVersion = 17.8.34309.116
MinimumVisualStudioVersion = 10.0.40219.1
Project("{FAE04EC0-301F-11D3-BF4B-00C04F79EFBC}") = "net8-react-with-chart-js.Server", "net8-react-with-chart-js.Server\net8-react-with-chart-js.Server.csproj", "{A0A218FE-B6A2-4967-A229-0BE9117A9BB3}"
EndProject
Project("{54A90642-561A-4BB1-A94E-469ADEE60C69}") = "net8-react-with-chart-js.client", "net8-react-with-chart-js.client\net8-react-with-chart-js.client.esproj", "{1FBEE654-E241-4BF0-A60A-3BA3530CFBBC}"
EndProject
Global
	GlobalSection(SolutionConfigurationPlatforms) = preSolution
		Debug|Any CPU = Debug|Any CPU
		Release|Any CPU = Release|Any CPU
	EndGlobalSection
	GlobalSection(ProjectConfigurationPlatforms) = postSolution
		{A0A218FE-B6A2-4967-A229-0BE9117A9BB3}.Debug|Any CPU.ActiveCfg = Debug|Any CPU
		{A0A218FE-B6A2-4967-A229-0BE9117A9BB3}.Debug|Any CPU.Build.0 = Debug|Any CPU
		{A0A218FE-B6A2-4967-A229-0BE9117A9BB3}.Release|Any CPU.ActiveCfg = Release|Any CPU
		{A0A218FE-B6A2-4967-A229-0BE9117A9BB3}.Release|Any CPU.Build.0 = Release|Any CPU
		{1FBEE654-E241-4BF0-A60A-3BA3530CFBBC}.Debug|Any CPU.ActiveCfg = Debug|Any CPU
		{1FBEE654-E241-4BF0-A60A-3BA3530CFBBC}.Debug|Any CPU.Build.0 = Debug|Any CPU
		{1FBEE654-E241-4BF0-A60A-3BA3530CFBBC}.Debug|Any CPU.Deploy.0 = Debug|Any CPU
		{1FBEE654-E241-4BF0-A60A-3BA3530CFBBC}.Release|Any CPU.ActiveCfg = Release|Any CPU
		{1FBEE654-E241-4BF0-A60A-3BA3530CFBBC}.Release|Any CPU.Build.0 = Release|Any CPU
		{1FBEE654-E241-4BF0-A60A-3BA3530CFBBC}.Release|Any CPU.Deploy.0 = Release|Any CPU
	EndGlobalSection
	GlobalSection(SolutionProperties) = preSolution
		HideSolutionNode = FALSE
	EndGlobalSection
	GlobalSection(ExtensibilityGlobals) = postSolution
		SolutionGuid = {159C3189-5B4B-48EB-88AF-34B1A68B2D8F}
	EndGlobalSection
EndGlobal
